
Microsoft Visual Studio Solution File, Format Version 12.00
# Visual Studio Version 18
VisualStudioVersion = 18.0.11116.177
MinimumVisualStudioVersion = 10.0.40219.1
Project("{FAE04EC0-301F-11D3-BF4B-00C04F79EFBC}") = "Api", "Api\Api.csproj", "{D7BF2D97-E84E-4970-861A-4615685BF546}"
EndProject
Project("{FAE04EC0-301F-11D3-BF4B-00C04F79EFBC}") = "Web.Blazor", "Web.Blazor\Web.Blazor.csproj", "{8299F9D0-227E-4B7C-A5F1-B54A9AADB905}"
EndProject
Project("{FAE04EC0-301F-11D3-BF4B-00C04F79EFBC}") = "Shared", "Shared\Shared.csproj", "{20367519-F60B-4591-B912-51A840477DEF}"
EndProject
Project("{54A90642-561A-4BB1-A94E-469ADEE60C69}") = "Web.Angular", "Web.Angular\Web.Angular.esproj", "{1569CBB0-A5D9-3EE4-DB54-9FDE79E7FA33}"
EndProject
Project("{2150E333-8FDC-42A3-9474-1A3956D46DE8}") = "Solution Items", "Solution Items", "{5EFC667E-8721-445C-8E8E-67297EF07CB7}"
	ProjectSection(SolutionItems) = preProject
		README.md = README.md
	EndProjectSection
EndProject
Global
	GlobalSection(SolutionConfigurationPlatforms) = preSolution
		Debug|Any CPU = Debug|Any CPU
		Release|Any CPU = Release|Any CPU
	EndGlobalSection
	GlobalSection(ProjectConfigurationPlatforms) = postSolution
		{D7BF2D97-E84E-4970-861A-4615685BF546}.Debug|Any CPU.ActiveCfg = Debug|Any CPU
		{D7BF2D97-E84E-4970-861A-4615685BF546}.Debug|Any CPU.Build.0 = Debug|Any CPU
		{D7BF2D97-E84E-4970-861A-4615685BF546}.Release|Any CPU.ActiveCfg = Release|Any CPU
		{D7BF2D97-E84E-4970-861A-4615685BF546}.Release|Any CPU.Build.0 = Release|Any CPU
		{8299F9D0-227E-4B7C-A5F1-B54A9AADB905}.Debug|Any CPU.ActiveCfg = Debug|Any CPU
		{8299F9D0-227E-4B7C-A5F1-B54A9AADB905}.Debug|Any CPU.Build.0 = Debug|Any CPU
		{8299F9D0-227E-4B7C-A5F1-B54A9AADB905}.Release|Any CPU.ActiveCfg = Release|Any CPU
		{8299F9D0-227E-4B7C-A5F1-B54A9AADB905}.Release|Any CPU.Build.0 = Release|Any CPU
		{20367519-F60B-4591-B912-51A840477DEF}.Debug|Any CPU.ActiveCfg = Debug|Any CPU
		{20367519-F60B-4591-B912-51A840477DEF}.Debug|Any CPU.Build.0 = Debug|Any CPU
		{20367519-F60B-4591-B912-51A840477DEF}.Release|Any CPU.ActiveCfg = Release|Any CPU
		{20367519-F60B-4591-B912-51A840477DEF}.Release|Any CPU.Build.0 = Release|Any CPU
		{1569CBB0-A5D9-3EE4-DB54-9FDE79E7FA33}.Debug|Any CPU.ActiveCfg = Debug|Any CPU
		{1569CBB0-A5D9-3EE4-DB54-9FDE79E7FA33}.Debug|Any CPU.Build.0 = Debug|Any CPU
		{1569CBB0-A5D9-3EE4-DB54-9FDE79E7FA33}.Debug|Any CPU.Deploy.0 = Debug|Any CPU
		{1569CBB0-A5D9-3EE4-DB54-9FDE79E7FA33}.Release|Any CPU.ActiveCfg = Release|Any CPU
		{1569CBB0-A5D9-3EE4-DB54-9FDE79E7FA33}.Release|Any CPU.Build.0 = Release|Any CPU
		{1569CBB0-A5D9-3EE4-DB54-9FDE79E7FA33}.Release|Any CPU.Deploy.0 = Release|Any CPU
	EndGlobalSection
	GlobalSection(SolutionProperties) = preSolution
		HideSolutionNode = FALSE
	EndGlobalSection
	GlobalSection(ExtensibilityGlobals) = postSolution
		SolutionGuid = {9C77BC6D-5843-4C66-8286-10C0183F71B0}
	EndGlobalSection
EndGlobal
